# This file is automatically @generated by Cargo.
# It is not intended for manual editing.
[[package]]
name = "closure"
version = "0.3.0"
source = "registry+https://github.com/rust-lang/crates.io-index"
checksum = "d6173fd61b610d15a7566dd7b7620775627441c4ab9dac8906e17cb93a24b782"

[[package]]
name = "server"
version = "0.1.0"
dependencies = [
 "closure",
]
